
Microsoft Visual Studio Solution File, Format Version 12.00
# Visual Studio Version 17
VisualStudioVersion = 17.0.31903.59
MinimumVisualStudioVersion = 10.0.40219.1
Project("{2150E333-8FDC-42A3-9474-1A3956D46DE8}") = "src", "src", "{E0E2ACD8-C699-47E1-8DA1-50FF7385208D}"
EndProject
Project("{FAE04EC0-301F-11D3-BF4B-00C04F79EFBC}") = "TelegramBot.Console", "src\TelegramBot.Console\TelegramBot.Console.csproj", "{F8D1A337-C20F-4676-B67D-7F9515679338}"
EndProject
Global
	GlobalSection(SolutionConfigurationPlatforms) = preSolution
		Debug|Any CPU = Debug|Any CPU
		Release|Any CPU = Release|Any CPU
	EndGlobalSection
	GlobalSection(SolutionProperties) = preSolution
		HideSolutionNode = FALSE
	EndGlobalSection
	GlobalSection(ProjectConfigurationPlatforms) = postSolution
		{F8D1A337-C20F-4676-B67D-7F9515679338}.Debug|Any CPU.ActiveCfg = Debug|Any CPU
		{F8D1A337-C20F-4676-B67D-7F9515679338}.Debug|Any CPU.Build.0 = Debug|Any CPU
		{F8D1A337-C20F-4676-B67D-7F9515679338}.Release|Any CPU.ActiveCfg = Release|Any CPU
		{F8D1A337-C20F-4676-B67D-7F9515679338}.Release|Any CPU.Build.0 = Release|Any CPU
	EndGlobalSection
	GlobalSection(NestedProjects) = preSolution
		{F8D1A337-C20F-4676-B67D-7F9515679338} = {E0E2ACD8-C699-47E1-8DA1-50FF7385208D}
	EndGlobalSection
EndGlobal
